
Microsoft Visual Studio Solution File, Format Version 12.00
# Visual Studio Version 16
VisualStudioVersion = 16.0.30413.136
MinimumVisualStudioVersion = 10.0.40219.1
Project("{FAE04EC0-301F-11D3-BF4B-00C04F79EFBC}") = "WebApplicationExample", "WebApplicationExample\WebApplicationExample.csproj", "{7BAC256D-663E-4F2D-92BD-E56BC4CA7FA6}"
EndProject
Project("{FAE04EC0-301F-11D3-BF4B-00C04F79EFBC}") = "EDoctor", "EDoctor\EDoctor.csproj", "{571CC94E-6CEF-477F-9B89-6FE05C98A89A}"
EndProject
Global
	GlobalSection(SolutionConfigurationPlatforms) = preSolution
		Debug|Any CPU = Debug|Any CPU
		Release|Any CPU = Release|Any CPU
	EndGlobalSection
	GlobalSection(ProjectConfigurationPlatforms) = postSolution
		{7BAC256D-663E-4F2D-92BD-E56BC4CA7FA6}.Debug|Any CPU.ActiveCfg = Debug|Any CPU
		{7BAC256D-663E-4F2D-92BD-E56BC4CA7FA6}.Debug|Any CPU.Build.0 = Debug|Any CPU
		{7BAC256D-663E-4F2D-92BD-E56BC4CA7FA6}.Release|Any CPU.ActiveCfg = Release|Any CPU
		{7BAC256D-663E-4F2D-92BD-E56BC4CA7FA6}.Release|Any CPU.Build.0 = Release|Any CPU
		{571CC94E-6CEF-477F-9B89-6FE05C98A89A}.Debug|Any CPU.ActiveCfg = Debug|Any CPU
		{571CC94E-6CEF-477F-9B89-6FE05C98A89A}.Debug|Any CPU.Build.0 = Debug|Any CPU
		{571CC94E-6CEF-477F-9B89-6FE05C98A89A}.Release|Any CPU.ActiveCfg = Release|Any CPU
		{571CC94E-6CEF-477F-9B89-6FE05C98A89A}.Release|Any CPU.Build.0 = Release|Any CPU
	EndGlobalSection
	GlobalSection(SolutionProperties) = preSolution
		HideSolutionNode = FALSE
	EndGlobalSection
	GlobalSection(ExtensibilityGlobals) = postSolution
		SolutionGuid = {FAA213EB-BCD8-418E-90B4-C26D1390F119}
	EndGlobalSection
EndGlobal
